
Microsoft Visual Studio Solution File, Format Version 12.00
# Visual Studio Version 16
VisualStudioVersion = 16.0.31205.134
MinimumVisualStudioVersion = 10.0.40219.1
Project("{FAE04EC0-301F-11D3-BF4B-00C04F79EFBC}") = "Exercise1", "Exercise1.csproj", "{13AB7CEE-9431-423D-A649-30D381B78045}"
EndProject
Project("{FAE04EC0-301F-11D3-BF4B-00C04F79EFBC}") = "Exercise2", "..\Exercise2\Exercise2.csproj", "{C1FEC6D5-26C1-4A6E-B29E-5BE606A00021}"
EndProject
Global
	GlobalSection(SolutionConfigurationPlatforms) = preSolution
		Debug|Any CPU = Debug|Any CPU
		Release|Any CPU = Release|Any CPU
	EndGlobalSection
	GlobalSection(ProjectConfigurationPlatforms) = postSolution
		{13AB7CEE-9431-423D-A649-30D381B78045}.Debug|Any CPU.ActiveCfg = Debug|Any CPU
		{13AB7CEE-9431-423D-A649-30D381B78045}.Debug|Any CPU.Build.0 = Debug|Any CPU
		{13AB7CEE-9431-423D-A649-30D381B78045}.Release|Any CPU.ActiveCfg = Release|Any CPU
		{13AB7CEE-9431-423D-A649-30D381B78045}.Release|Any CPU.Build.0 = Release|Any CPU
		{C1FEC6D5-26C1-4A6E-B29E-5BE606A00021}.Debug|Any CPU.ActiveCfg = Debug|Any CPU
		{C1FEC6D5-26C1-4A6E-B29E-5BE606A00021}.Debug|Any CPU.Build.0 = Debug|Any CPU
		{C1FEC6D5-26C1-4A6E-B29E-5BE606A00021}.Release|Any CPU.ActiveCfg = Release|Any CPU
		{C1FEC6D5-26C1-4A6E-B29E-5BE606A00021}.Release|Any CPU.Build.0 = Release|Any CPU
	EndGlobalSection
	GlobalSection(SolutionProperties) = preSolution
		HideSolutionNode = FALSE
	EndGlobalSection
	GlobalSection(ExtensibilityGlobals) = postSolution
		SolutionGuid = {5869556E-8FF1-4517-B018-40E9E9A5E682}
	EndGlobalSection
EndGlobal
